
Microsoft Visual Studio Solution File, Format Version 12.00
# Visual Studio Version 16
VisualStudioVersion = 16.0.31129.286
MinimumVisualStudioVersion = 10.0.40219.1
Project("{FAE04EC0-301F-11D3-BF4B-00C04F79EFBC}") = "CapStone Vacation Planner", "CapStone Vacation Planner\CapStone Vacation Planner.csproj", "{F8ECF60E-323C-452D-92C0-FBDF9D97D8C8}"
EndProject
Global
	GlobalSection(SolutionConfigurationPlatforms) = preSolution
		Debug|Any CPU = Debug|Any CPU
		Release|Any CPU = Release|Any CPU
	EndGlobalSection
	GlobalSection(ProjectConfigurationPlatforms) = postSolution
		{F8ECF60E-323C-452D-92C0-FBDF9D97D8C8}.Debug|Any CPU.ActiveCfg = Debug|Any CPU
		{F8ECF60E-323C-452D-92C0-FBDF9D97D8C8}.Debug|Any CPU.Build.0 = Debug|Any CPU
		{F8ECF60E-323C-452D-92C0-FBDF9D97D8C8}.Release|Any CPU.ActiveCfg = Release|Any CPU
		{F8ECF60E-323C-452D-92C0-FBDF9D97D8C8}.Release|Any CPU.Build.0 = Release|Any CPU
	EndGlobalSection
	GlobalSection(SolutionProperties) = preSolution
		HideSolutionNode = FALSE
	EndGlobalSection
	GlobalSection(ExtensibilityGlobals) = postSolution
		SolutionGuid = {B636C950-3680-4E64-BAC5-F4295D78EA9E}
	EndGlobalSection
EndGlobal
